
Microsoft Visual Studio Solution File, Format Version 12.00
# Visual Studio 15
VisualStudioVersion = 15.0.26124.0
MinimumVisualStudioVersion = 15.0.26124.0
Project("{2150E333-8FDC-42A3-9474-1A3956D46DE8}") = "src", "src", "{ABBA71C7-7382-47EB-AD59-A4019A1F6EA1}"
EndProject
Project("{FAE04EC0-301F-11D3-BF4B-00C04F79EFBC}") = "games.core", "src\games.core\games.core.csproj", "{D226D9DA-EB5E-41AE-840E-A6136731F774}"
EndProject
Project("{2150E333-8FDC-42A3-9474-1A3956D46DE8}") = "test", "test", "{D6FBD4E0-BA48-4B79-8421-366AE13A0A9E}"
EndProject
Project("{FAE04EC0-301F-11D3-BF4B-00C04F79EFBC}") = "games.tests.unit", "test\games.tests.unit\games.tests.unit.csproj", "{C83B3A27-A06D-456A-9818-D97D9BADB5A7}"
EndProject
Global
	GlobalSection(SolutionConfigurationPlatforms) = preSolution
		Debug|Any CPU = Debug|Any CPU
		Debug|x64 = Debug|x64
		Debug|x86 = Debug|x86
		Release|Any CPU = Release|Any CPU
		Release|x64 = Release|x64
		Release|x86 = Release|x86
	EndGlobalSection
	GlobalSection(SolutionProperties) = preSolution
		HideSolutionNode = FALSE
	EndGlobalSection
	GlobalSection(ProjectConfigurationPlatforms) = postSolution
		{D226D9DA-EB5E-41AE-840E-A6136731F774}.Debug|Any CPU.ActiveCfg = Debug|Any CPU
		{D226D9DA-EB5E-41AE-840E-A6136731F774}.Debug|Any CPU.Build.0 = Debug|Any CPU
		{D226D9DA-EB5E-41AE-840E-A6136731F774}.Debug|x64.ActiveCfg = Debug|Any CPU
		{D226D9DA-EB5E-41AE-840E-A6136731F774}.Debug|x64.Build.0 = Debug|Any CPU
		{D226D9DA-EB5E-41AE-840E-A6136731F774}.Debug|x86.ActiveCfg = Debug|Any CPU
		{D226D9DA-EB5E-41AE-840E-A6136731F774}.Debug|x86.Build.0 = Debug|Any CPU
		{D226D9DA-EB5E-41AE-840E-A6136731F774}.Release|Any CPU.ActiveCfg = Release|Any CPU
		{D226D9DA-EB5E-41AE-840E-A6136731F774}.Release|Any CPU.Build.0 = Release|Any CPU
		{D226D9DA-EB5E-41AE-840E-A6136731F774}.Release|x64.ActiveCfg = Release|Any CPU
		{D226D9DA-EB5E-41AE-840E-A6136731F774}.Release|x64.Build.0 = Release|Any CPU
		{D226D9DA-EB5E-41AE-840E-A6136731F774}.Release|x86.ActiveCfg = Release|Any CPU
		{D226D9DA-EB5E-41AE-840E-A6136731F774}.Release|x86.Build.0 = Release|Any CPU
		{C83B3A27-A06D-456A-9818-D97D9BADB5A7}.Debug|Any CPU.ActiveCfg = Debug|Any CPU
		{C83B3A27-A06D-456A-9818-D97D9BADB5A7}.Debug|Any CPU.Build.0 = Debug|Any CPU
		{C83B3A27-A06D-456A-9818-D97D9BADB5A7}.Debug|x64.ActiveCfg = Debug|Any CPU
		{C83B3A27-A06D-456A-9818-D97D9BADB5A7}.Debug|x64.Build.0 = Debug|Any CPU
		{C83B3A27-A06D-456A-9818-D97D9BADB5A7}.Debug|x86.ActiveCfg = Debug|Any CPU
		{C83B3A27-A06D-456A-9818-D97D9BADB5A7}.Debug|x86.Build.0 = Debug|Any CPU
		{C83B3A27-A06D-456A-9818-D97D9BADB5A7}.Release|Any CPU.ActiveCfg = Release|Any CPU
		{C83B3A27-A06D-456A-9818-D97D9BADB5A7}.Release|Any CPU.Build.0 = Release|Any CPU
		{C83B3A27-A06D-456A-9818-D97D9BADB5A7}.Release|x64.ActiveCfg = Release|Any CPU
		{C83B3A27-A06D-456A-9818-D97D9BADB5A7}.Release|x64.Build.0 = Release|Any CPU
		{C83B3A27-A06D-456A-9818-D97D9BADB5A7}.Release|x86.ActiveCfg = Release|Any CPU
		{C83B3A27-A06D-456A-9818-D97D9BADB5A7}.Release|x86.Build.0 = Release|Any CPU
	EndGlobalSection
	GlobalSection(NestedProjects) = preSolution
		{D226D9DA-EB5E-41AE-840E-A6136731F774} = {ABBA71C7-7382-47EB-AD59-A4019A1F6EA1}
		{C83B3A27-A06D-456A-9818-D97D9BADB5A7} = {D6FBD4E0-BA48-4B79-8421-366AE13A0A9E}
	EndGlobalSection
EndGlobal
